
Microsoft Visual Studio Solution File, Format Version 12.00
# Visual Studio 15
VisualStudioVersion = 15.0.28010.2048
MinimumVisualStudioVersion = 10.0.40219.1
Project("{FAE04EC0-301F-11D3-BF4B-00C04F79EFBC}") = "Exercise", "Exercise1\Exercise.csproj", "{E7B4BA64-5DBC-4EF8-AB7C-22BA4D38F8E8}"
EndProject
Project("{2150E333-8FDC-42A3-9474-1A3956D46DE8}") = "Exercise1And2", "Exercise1And2", "{41C6909C-C891-4F45-B7C8-BF35F3FCBF91}"
EndProject
Project("{2150E333-8FDC-42A3-9474-1A3956D46DE8}") = "Exercise3", "Exercise3", "{1D0BC7AC-72E2-4A63-85F0-A5D1C486A714}"
EndProject
Project("{2150E333-8FDC-42A3-9474-1A3956D46DE8}") = "Docs", "Docs", "{2A5A4378-7C5F-4256-BA8A-8913B90EE93E}"
EndProject
Project("{2150E333-8FDC-42A3-9474-1A3956D46DE8}") = "Source", "Source", "{4E6EFFB0-F8F1-4F36-BCE9-684E188D9FA8}"
EndProject
Project("{2150E333-8FDC-42A3-9474-1A3956D46DE8}") = "Tests", "Tests", "{A1C9FCEB-8094-4F86-A976-503B9D5B3BEA}"
EndProject
Project("{9A19103F-16F7-4668-BE54-9A1E7A4F7556}") = "AttachingITToDo.WebUI", "AttachingITToDo.WebUI\AttachingITToDo.WebUI.csproj", "{1870D3BC-9DE6-4D33-9F25-250B509BB632}"
EndProject
Project("{2150E333-8FDC-42A3-9474-1A3956D46DE8}") = "Presentation", "Presentation", "{EFDE3677-2BCA-4DF3-8D89-5D8A4D85100A}"
EndProject
Project("{2150E333-8FDC-42A3-9474-1A3956D46DE8}") = "Core", "Core", "{3C93DE95-DA6B-4C85-AD12-F146CD09D9EE}"
EndProject
Project("{9A19103F-16F7-4668-BE54-9A1E7A4F7556}") = "AttachingITToDo.Domain", "AttachingITToDo.Domain\AttachingITToDo.Domain.csproj", "{E85DD847-5A4D-4687-9501-E0E691DD27CE}"
EndProject
Project("{2150E333-8FDC-42A3-9474-1A3956D46DE8}") = "Infrastrcture", "Infrastrcture", "{1840A8D8-B558-4974-8F3E-CDE03BF792B7}"
EndProject
Project("{9A19103F-16F7-4668-BE54-9A1E7A4F7556}") = "AttachingITToDo.Persistence", "AttachingITToDo.Persistence\AttachingITToDo.Persistence.csproj", "{9A26FEEB-3A22-4607-BF9C-F8AE304AD42A}"
EndProject
Project("{9A19103F-16F7-4668-BE54-9A1E7A4F7556}") = "AttachingITToDo.Application", "AttachingITToDo.Application\AttachingITToDo.Application.csproj", "{A8EB5EF4-EA1F-4317-B6C2-917DDBE19661}"
EndProject
Project("{FAE04EC0-301F-11D3-BF4B-00C04F79EFBC}") = "AttachingITToDo.WebAPI.Tests", "AttachingITToDo.WebAPI.Tests\AttachingITToDo.WebAPI.Tests.csproj", "{56A6BEC7-56C1-42D6-935C-22105DDAAB89}"
EndProject
Global
	GlobalSection(SolutionConfigurationPlatforms) = preSolution
		Debug|Any CPU = Debug|Any CPU
		Release|Any CPU = Release|Any CPU
	EndGlobalSection
	GlobalSection(ProjectConfigurationPlatforms) = postSolution
		{E7B4BA64-5DBC-4EF8-AB7C-22BA4D38F8E8}.Debug|Any CPU.ActiveCfg = Debug|Any CPU
		{E7B4BA64-5DBC-4EF8-AB7C-22BA4D38F8E8}.Debug|Any CPU.Build.0 = Debug|Any CPU
		{E7B4BA64-5DBC-4EF8-AB7C-22BA4D38F8E8}.Release|Any CPU.ActiveCfg = Release|Any CPU
		{E7B4BA64-5DBC-4EF8-AB7C-22BA4D38F8E8}.Release|Any CPU.Build.0 = Release|Any CPU
		{1870D3BC-9DE6-4D33-9F25-250B509BB632}.Debug|Any CPU.ActiveCfg = Debug|Any CPU
		{1870D3BC-9DE6-4D33-9F25-250B509BB632}.Debug|Any CPU.Build.0 = Debug|Any CPU
		{1870D3BC-9DE6-4D33-9F25-250B509BB632}.Release|Any CPU.ActiveCfg = Release|Any CPU
		{1870D3BC-9DE6-4D33-9F25-250B509BB632}.Release|Any CPU.Build.0 = Release|Any CPU
		{E85DD847-5A4D-4687-9501-E0E691DD27CE}.Debug|Any CPU.ActiveCfg = Debug|Any CPU
		{E85DD847-5A4D-4687-9501-E0E691DD27CE}.Debug|Any CPU.Build.0 = Debug|Any CPU
		{E85DD847-5A4D-4687-9501-E0E691DD27CE}.Release|Any CPU.ActiveCfg = Release|Any CPU
		{E85DD847-5A4D-4687-9501-E0E691DD27CE}.Release|Any CPU.Build.0 = Release|Any CPU
		{9A26FEEB-3A22-4607-BF9C-F8AE304AD42A}.Debug|Any CPU.ActiveCfg = Debug|Any CPU
		{9A26FEEB-3A22-4607-BF9C-F8AE304AD42A}.Debug|Any CPU.Build.0 = Debug|Any CPU
		{9A26FEEB-3A22-4607-BF9C-F8AE304AD42A}.Release|Any CPU.ActiveCfg = Release|Any CPU
		{9A26FEEB-3A22-4607-BF9C-F8AE304AD42A}.Release|Any CPU.Build.0 = Release|Any CPU
		{A8EB5EF4-EA1F-4317-B6C2-917DDBE19661}.Debug|Any CPU.ActiveCfg = Debug|Any CPU
		{A8EB5EF4-EA1F-4317-B6C2-917DDBE19661}.Debug|Any CPU.Build.0 = Debug|Any CPU
		{A8EB5EF4-EA1F-4317-B6C2-917DDBE19661}.Release|Any CPU.ActiveCfg = Release|Any CPU
		{A8EB5EF4-EA1F-4317-B6C2-917DDBE19661}.Release|Any CPU.Build.0 = Release|Any CPU
		{56A6BEC7-56C1-42D6-935C-22105DDAAB89}.Debug|Any CPU.ActiveCfg = Debug|Any CPU
		{56A6BEC7-56C1-42D6-935C-22105DDAAB89}.Debug|Any CPU.Build.0 = Debug|Any CPU
		{56A6BEC7-56C1-42D6-935C-22105DDAAB89}.Release|Any CPU.ActiveCfg = Release|Any CPU
		{56A6BEC7-56C1-42D6-935C-22105DDAAB89}.Release|Any CPU.Build.0 = Release|Any CPU
	EndGlobalSection
	GlobalSection(SolutionProperties) = preSolution
		HideSolutionNode = FALSE
	EndGlobalSection
	GlobalSection(NestedProjects) = preSolution
		{E7B4BA64-5DBC-4EF8-AB7C-22BA4D38F8E8} = {41C6909C-C891-4F45-B7C8-BF35F3FCBF91}
		{2A5A4378-7C5F-4256-BA8A-8913B90EE93E} = {1D0BC7AC-72E2-4A63-85F0-A5D1C486A714}
		{4E6EFFB0-F8F1-4F36-BCE9-684E188D9FA8} = {1D0BC7AC-72E2-4A63-85F0-A5D1C486A714}
		{A1C9FCEB-8094-4F86-A976-503B9D5B3BEA} = {1D0BC7AC-72E2-4A63-85F0-A5D1C486A714}
		{1870D3BC-9DE6-4D33-9F25-250B509BB632} = {EFDE3677-2BCA-4DF3-8D89-5D8A4D85100A}
		{EFDE3677-2BCA-4DF3-8D89-5D8A4D85100A} = {4E6EFFB0-F8F1-4F36-BCE9-684E188D9FA8}
		{3C93DE95-DA6B-4C85-AD12-F146CD09D9EE} = {4E6EFFB0-F8F1-4F36-BCE9-684E188D9FA8}
		{E85DD847-5A4D-4687-9501-E0E691DD27CE} = {3C93DE95-DA6B-4C85-AD12-F146CD09D9EE}
		{1840A8D8-B558-4974-8F3E-CDE03BF792B7} = {4E6EFFB0-F8F1-4F36-BCE9-684E188D9FA8}
		{9A26FEEB-3A22-4607-BF9C-F8AE304AD42A} = {1840A8D8-B558-4974-8F3E-CDE03BF792B7}
		{A8EB5EF4-EA1F-4317-B6C2-917DDBE19661} = {3C93DE95-DA6B-4C85-AD12-F146CD09D9EE}
		{56A6BEC7-56C1-42D6-935C-22105DDAAB89} = {A1C9FCEB-8094-4F86-A976-503B9D5B3BEA}
	EndGlobalSection
	GlobalSection(ExtensibilityGlobals) = postSolution
		SolutionGuid = {98B422EA-08CF-48BD-8472-68BDD391ED78}
	EndGlobalSection
EndGlobal
